Microsoft Visual Studio Solution File, Format Version 12.00
# Visual Studio Version 17
VisualStudioVersion = 17.5.2.0
MinimumVisualStudioVersion = 10.0.40219.1
Project("{2150E333-8FDC-42A3-9474-1A3956D46DE8}") = "backend", "backend", "{1AE8ACA6-933B-BF2A-3671-3E2EAC007D16}"
EndProject
Project("{2150E333-8FDC-42A3-9474-1A3956D46DE8}") = "BettingControl.API", "BettingControl.API", "{2B57B9CF-422A-6FEB-4F73-38A7C41F5C3A}"
EndProject
Project("{FAE04EC0-301F-11D3-BF4B-00C04F79EFBC}") = "BettingControl.API", "backend\BettingControl.API\BettingControl.API.csproj", "{8DB278B1-063B-821A-4577-FA94EFE97139}"
EndProject
Global
	GlobalSection(SolutionConfigurationPlatforms) = preSolution
		Debug|Any CPU = Debug|Any CPU
		Release|Any CPU = Release|Any CPU
	EndGlobalSection
	GlobalSection(ProjectConfigurationPlatforms) = postSolution
		{8DB278B1-063B-821A-4577-FA94EFE97139}.Debug|Any CPU.ActiveCfg = Debug|Any CPU
		{8DB278B1-063B-821A-4577-FA94EFE97139}.Debug|Any CPU.Build.0 = Debug|Any CPU
		{8DB278B1-063B-821A-4577-FA94EFE97139}.Release|Any CPU.ActiveCfg = Release|Any CPU
		{8DB278B1-063B-821A-4577-FA94EFE97139}.Release|Any CPU.Build.0 = Release|Any CPU
	EndGlobalSection
	GlobalSection(SolutionProperties) = preSolution
		HideSolutionNode = FALSE
	EndGlobalSection
	GlobalSection(NestedProjects) = preSolution
		{2B57B9CF-422A-6FEB-4F73-38A7C41F5C3A} = {1AE8ACA6-933B-BF2A-3671-3E2EAC007D16}
		{8DB278B1-063B-821A-4577-FA94EFE97139} = {2B57B9CF-422A-6FEB-4F73-38A7C41F5C3A}
	EndGlobalSection
	GlobalSection(ExtensibilityGlobals) = postSolution
		SolutionGuid = {F7F739DA-4E17-4F6C-9B10-B89DB56D20DD}
	EndGlobalSection
EndGlobal
